{
  "version": 1,
  "agents": [
    "claude-code"
  ],
  "skills": {
    "sw": {
      "version": "1.0.323",
      "sha": "3fadf349c0ba",
      "tier": "BUNDLED",
      "installedAt": "2026-02-28T09:22:00.614Z",
      "source": "local:specweave"
    }
  },
  "createdAt": "2026-02-25T22:10:22.975Z",
  "updatedAt": "2026-02-28T09:22:00.614Z"
}