{
  "version": 1,
  "agents": [
    "antigravity",
    "claude-code",
    "cursor",
    "kiro-cli",
    "pi",
    "windsurf"
  ],
  "skills": {
    "sw": {
      "version": "1.0.225",
      "sha": "ff917de2b164",
      "tier": "BUNDLED",
      "installedAt": "2026-02-21T19:08:21.654Z",
      "source": "local:specweave"
    }
  },
  "createdAt": "2026-02-19T03:13:28.638Z",
  "updatedAt": "2026-02-21T19:08:21.662Z"
}