{
  "version": 1,
  "agents": [
    "claude-code"
  ],
  "skills": {
    "sw": {
      "version": "1.0.323",
      "sha": "2695ba0d7921",
      "tier": "BUNDLED",
      "installedAt": "2026-02-25T22:10:23.402Z",
      "source": "local:specweave"
    }
  },
  "createdAt": "2026-02-25T22:10:22.975Z",
  "updatedAt": "2026-02-25T22:10:23.402Z"
}